// !$*UTF8*$!
{
	archiveVersion = 1;
	classes = {
	};
	objectVersion = 50;
	objects = {

/* Begin PBXBuildFile section */
		C047309C2676470700BC496A /* AppDelegate.swift in Sources */ = {isa = PBXBuildFile; fileRef = C047309B2676470700BC496A /* AppDelegate.swift */; };
		C047309E2676470700BC496A /* SceneDelegate.swift in Sources */ = {isa = PBXBuildFile; fileRef = C047309D2676470700BC496A /* SceneDelegate.swift */; };
		C04730A02676470700BC496A /* ViewController.swift in Sources */ = {isa = PBXBuildFile; fileRef = C047309F2676470700BC496A /* ViewController.swift */; };
		C04730A32676470700BC496A /* Main.storyboard in Resources */ = {isa = PBXBuildFile; fileRef = C04730A12676470700BC496A /* Main.storyboard */; };
		C04730A52676470B00BC496A /* Assets.xcassets in Resources */ = {isa = PBXBuildFile; fileRef = C04730A42676470B00BC496A /* Assets.xcassets */; };
		C04730A82676470B00BC496A /* LaunchScreen.storyboard in Resources */ = {isa = PBXBuildFile; fileRef = C04730A62676470B00BC496A /* LaunchScreen.storyboard */; };
		C04730B02676474C00BC496A /* SignUpViewController.swift in Sources */ = {isa = PBXBuildFile; fileRef = C04730AF2676474C00BC496A /* SignUpViewController.swift */; };
		C04730B2267699B100BC496A /* SignInView.swift in Sources */ = {isa = PBXBuildFile; fileRef = C04730B1267699B100BC496A /* SignInView.swift */; };
		C04730B4267BF81B00BC496A /* PersonalViewController.swift in Sources */ = {isa = PBXBuildFile; fileRef = C04730B3267BF81B00BC496A /* PersonalViewController.swift */; };
		C04730B6267BF8B000BC496A /* PersonalView.swift in Sources */ = {isa = PBXBuildFile; fileRef = C04730B5267BF8B000BC496A /* PersonalView.swift */; };
		C04730B8267E972300BC496A /* MedicalDetailViewController.swift in Sources */ = {isa = PBXBuildFile; fileRef = C04730B7267E972300BC496A /* MedicalDetailViewController.swift */; };
		C04730BA267E975C00BC496A /* PrescriptionView.swift in Sources */ = {isa = PBXBuildFile; fileRef = C04730B9267E975C00BC496A /* PrescriptionView.swift */; };
		C04730BC267E978700BC496A /* ColorView.swift in Sources */ = {isa = PBXBuildFile; fileRef = C04730BB267E978700BC496A /* ColorView.swift */; };
/* End PBXBuildFile section */

/* Begin PBXFileReference section */
		C04730982676470700BC496A /* Schoolin'.app */ = {isa = PBXFileReference; explicitFileType = wrapper.application; includeInIndex = 0; path = "Schoolin'.app"; sourceTree = BUILT_PRODUCTS_DIR; };
		C047309B2676470700BC496A /* AppDelegate.swift */ = {isa = PBXFileReference; lastKnownFileType = sourcecode.swift; path = AppDelegate.swift; sourceTree = "<group>"; };
		C047309D2676470700BC496A /* SceneDelegate.swift */ = {isa = PBXFileReference; lastKnownFileType = sourcecode.swift; path = SceneDelegate.swift; sourceTree = "<group>"; };
		C047309F2676470700BC496A /* ViewController.swift */ = {isa = PBXFileReference; lastKnownFileType = sourcecode.swift; path = ViewController.swift; sourceTree = "<group>"; };
		C04730A22676470700BC496A /* Base */ = {isa = PBXFileReference; lastKnownFileType = file.storyboard; name = Base; path = Base.lproj/Main.storyboard; sourceTree = "<group>"; };
		C04730A42676470B00BC496A /* Assets.xcassets */ = {isa = PBXFileReference; lastKnownFileType = folder.assetcatalog; path = Assets.xcassets; sourceTree = "<group>"; };
		C04730A72676470B00BC496A /* Base */ = {isa = PBXFileReference; lastKnownFileType = file.storyboard; name = Base; path = Base.lproj/LaunchScreen.storyboard; sourceTree = "<group>"; };
		C04730A92676470B00BC496A /* Info.plist */ = {isa = PBXFileReference; lastKnownFileType = text.plist.xml; path = Info.plist; sourceTree = "<group>"; };
		C04730AF2676474C00BC496A /* SignUpViewController.swift */ = {isa = PBXFileReference; lastKnownFileType = sourcecode.swift; path = SignUpViewController.swift; sourceTree = "<group>"; };
		C04730B1267699B100BC496A /* SignInView.swift */ = {isa = PBXFileReference; lastKnownFileType = sourcecode.swift; path = SignInView.swift; sourceTree = "<group>"; };
		C04730B3267BF81B00BC496A /* PersonalViewController.swift */ = {isa = PBXFileReference; lastKnownFileType = sourcecode.swift; path = PersonalViewController.swift; sourceTree = "<group>"; };
		C04730B5267BF8B000BC496A /* PersonalView.swift */ = {isa = PBXFileReference; lastKnownFileType = sourcecode.swift; path = PersonalView.swift; sourceTree = "<group>"; };
		C04730B7267E972300BC496A /* MedicalDetailViewController.swift */ = {isa = PBXFileReference; lastKnownFileType = sourcecode.swift; path = MedicalDetailViewController.swift; sourceTree = "<group>"; };
		C04730B9267E975C00BC496A /* PrescriptionView.swift */ = {isa = PBXFileReference; lastKnownFileType = sourcecode.swift; path = PrescriptionView.swift; sourceTree = "<group>"; };
		C04730BB267E978700BC496A /* ColorView.swift */ = {isa = PBXFileReference; lastKnownFileType = sourcecode.swift; path = ColorView.swift; sourceTree = "<group>"; };
/* End PBXFileReference section */

/* Begin PBXFrameworksBuildPhase section */
		C04730952676470700BC496A /* Frameworks */ = {
			isa = PBXFrameworksBuildPhase;
			buildActionMask = 2147483647;
			files = (
			);
			runOnlyForDeploymentPostprocessing = 0;
		};
/* End PBXFrameworksBuildPhase section */

/* Begin PBXGroup section */
		C047308F2676470700BC496A = {
			isa = PBXGroup;
			children = (
				C047309A2676470700BC496A /* Schoolin' */,
				C04730992676470700BC496A /* Products */,
			);
			sourceTree = "<group>";
		};
		C04730992676470700BC496A /* Products */ = {
			isa = PBXGroup;
			children = (
				C04730982676470700BC496A /* Schoolin'.app */,
			);
			name = Products;
			sourceTree = "<group>";
		};
		C047309A2676470700BC496A /* Schoolin' */ = {
			isa = PBXGroup;
			children = (
				C047309B2676470700BC496A /* AppDelegate.swift */,
				C047309D2676470700BC496A /* SceneDelegate.swift */,
				C047309F2676470700BC496A /* ViewController.swift */,
				C04730AF2676474C00BC496A /* SignUpViewController.swift */,
				C04730B1267699B100BC496A /* SignInView.swift */,
				C04730A12676470700BC496A /* Main.storyboard */,
				C04730B7267E972300BC496A /* MedicalDetailViewController.swift */,
				C04730B9267E975C00BC496A /* PrescriptionView.swift */,
				C04730BB267E978700BC496A /* ColorView.swift */,
				C04730B3267BF81B00BC496A /* PersonalViewController.swift */,
				C04730B5267BF8B000BC496A /* PersonalView.swift */,
				C04730A42676470B00BC496A /* Assets.xcassets */,
				C04730A62676470B00BC496A /* LaunchScreen.storyboard */,
				C04730A92676470B00BC496A /* Info.plist */,
			);
			path = "Schoolin'";
			sourceTree = "<group>";
		};
/* End PBXGroup section */

/* Begin PBXNativeTarget section */
		C04730972676470700BC496A /* Schoolin' */ = {
			isa = PBXNativeTarget;
			buildConfigurationList = C04730AC2676470B00BC496A /* Build configuration list for PBXNativeTarget "Schoolin'" */;
			buildPhases = (
				C04730942676470700BC496A /* Sources */,
				C04730952676470700BC496A /* Frameworks */,
				C04730962676470700BC496A /* Resources */,
			);
			buildRules = (
			);
			dependencies = (
			);
			name = "Schoolin'";
			productName = "Schoolin'";
			productReference = C04730982676470700BC496A /* Schoolin'.app */;
			productType = "com.apple.product-type.application";
		};
/* End PBXNativeTarget section */

/* Begin PBXProject section */
		C04730902676470700BC496A /* Project object */ = {
			isa = PBXProject;
			attributes = {
				LastSwiftUpdateCheck = 1130;
				LastUpgradeCheck = 1130;
				ORGANIZATIONNAME = "ehsan sat";
				TargetAttributes = {
					C04730972676470700BC496A = {
						CreatedOnToolsVersion = 11.3;
					};
				};
			};
			buildConfigurationList = C04730932676470700BC496A /* Build configuration list for PBXProject "Schoolin'" */;
			compatibilityVersion = "Xcode 9.3";
			developmentRegion = en;
			hasScannedForEncodings = 0;
			knownRegions = (
				en,
				Base,
			);
			mainGroup = C047308F2676470700BC496A;
			productRefGroup = C04730992676470700BC496A /* Products */;
			projectDirPath = "";
			projectRoot = "";
			targets = (
				C04730972676470700BC496A /* Schoolin' */,
			);
		};
/* End PBXProject section */

/* Begin PBXResourcesBuildPhase section */
		C04730962676470700BC496A /* Resources */ = {
			isa = PBXResourcesBuildPhase;
			buildActionMask = 2147483647;
			files = (
				C04730A82676470B00BC496A /* LaunchScreen.storyboard in Resources */,
				C04730A52676470B00BC496A /* Assets.xcassets in Resources */,
				C04730A32676470700BC496A /* Main.storyboard in Resources */,
			);
			runOnlyForDeploymentPostprocessing = 0;
		};
/* End PBXResourcesBuildPhase section */

/* Begin PBXSourcesBuildPhase section */
		C04730942676470700BC496A /* Sources */ = {
			isa = PBXSourcesBuildPhase;
			buildActionMask = 2147483647;
			files = (
				C04730A02676470700BC496A /* ViewController.swift in Sources */,
				C047309C2676470700BC496A /* AppDelegate.swift in Sources */,
				C04730B02676474C00BC496A /* SignUpViewController.swift in Sources */,
				C047309E2676470700BC496A /* SceneDelegate.swift in Sources */,
				C04730BC267E978700BC496A /* ColorView.swift in Sources */,
				C04730BA267E975C00BC496A /* PrescriptionView.swift in Sources */,
				C04730B4267BF81B00BC496A /* PersonalViewController.swift in Sources */,
				C04730B6267BF8B000BC496A /* PersonalView.swift in Sources */,
				C04730B2267699B100BC496A /* SignInView.swift in Sources */,
				C04730B8267E972300BC496A /* MedicalDetailViewController.swift in Sources */,
			);
			runOnlyForDeploymentPostprocessing = 0;
		};
/* End PBXSourcesBuildPhase section */

/* Begin PBXVariantGroup section */
		C04730A12676470700BC496A /* Main.storyboard */ = {
			isa = PBXVariantGroup;
			children = (
				C04730A22676470700BC496A /* Base */,
			);
			name = Main.storyboard;
			sourceTree = "<group>";
		};
		C04730A62676470B00BC496A /* LaunchScreen.storyboard */ = {
			isa = PBXVariantGroup;
			children = (
				C04730A72676470B00BC496A /* Base */,
			);
			name = LaunchScreen.storyboard;
			sourceTree = "<group>";
		};
/* End PBXVariantGroup section */

/* Begin XCBuildConfiguration section */
		C04730AA2676470B00BC496A /* Debug */ = {
			isa = XCBuildConfiguration;
			buildSettings = {
				ALWAYS_SEARCH_USER_PATHS = NO;
				CLANG_ANALYZER_NONNULL = YES;
				CLANG_ANALYZER_NUMBER_OBJECT_CONVERSION = YES_AGGRESSIVE;
				CLANG_CXX_LANGUAGE_STANDARD = "gnu++14";
				CLANG_CXX_LIBRARY = "libc++";
				CLANG_ENABLE_MODULES = YES;
				CLANG_ENABLE_OBJC_ARC = YES;
				CLANG_ENABLE_OBJC_WEAK = YES;
				CLANG_WARN_BLOCK_CAPTURE_AUTORELEASING = YES;
				CLANG_WARN_BOOL_CONVERSION = YES;
				CLANG_WARN_COMMA = YES;
				CLANG_WARN_CONSTANT_CONVERSION = YES;
				CLANG_WARN_DEPRECATED_OBJC_IMPLEMENTATIONS = YES;
				CLANG_WARN_DIRECT_OBJC_ISA_USAGE = YES_ERROR;
				CLANG_WARN_DOCUMENTATION_COMMENTS = YES;
				CLANG_WARN_EMPTY_BODY = YES;
				CLANG_WARN_ENUM_CONVERSION = YES;
				CLANG_WARN_INFINITE_RECURSION = YES;
				CLANG_WARN_INT_CONVERSION = YES;
				CLANG_WARN_NON_LITERAL_NULL_CONVERSION = YES;
				CLANG_WARN_OBJC_IMPLICIT_RETAIN_SELF = YES;
				CLANG_WARN_OBJC_LITERAL_CONVERSION = YES;
				CLANG_WARN_OBJC_ROOT_CLASS = YES_ERROR;
				CLANG_WARN_RANGE_LOOP_ANALYSIS = YES;
				CLANG_WARN_STRICT_PROTOTYPES = YES;
				CLANG_WARN_SUSPICIOUS_MOVE = YES;
				CLANG_WARN_UNGUARDED_AVAILABILITY = YES_AGGRESSIVE;
				CLANG_WARN_UNREACHABLE_CODE = YES;
				CLANG_WARN__DUPLICATE_METHOD_MATCH = YES;
				COPY_PHASE_STRIP = NO;
				DEBUG_INFORMATION_FORMAT = dwarf;
				ENABLE_STRICT_OBJC_MSGSEND = YES;
				ENABLE_TESTABILITY = YES;
				GCC_C_LANGUAGE_STANDARD = gnu11;
				GCC_DYNAMIC_NO_PIC = NO;
				GCC_NO_COMMON_BLOCKS = YES;
				GCC_OPTIMIZATION_LEVEL = 0;
				GCC_PREPROCESSOR_DEFINITIONS = (
					"DEBUG=1",
					"$(inherited)",
				);
				GCC_WARN_64_TO_32_BIT_CONVERSION = YES;
				GCC_WARN_ABOUT_RETURN_TYPE = YES_ERROR;
				GCC_WARN_UNDECLARED_SELECTOR = YES;
				GCC_WARN_UNINITIALIZED_AUTOS = YES_AGGRESSIVE;
				GCC_WARN_UNUSED_FUNCTION = YES;
				GCC_WARN_UNUSED_VARIABLE = YES;
				IPHONEOS_DEPLOYMENT_TARGET = 13.2;
				MTL_ENABLE_DEBUG_INFO = INCLUDE_SOURCE;
				MTL_FAST_MATH = YES;
				ONLY_ACTIVE_ARCH = YES;
				SDKROOT = iphoneos;
				SWIFT_ACTIVE_COMPILATION_CONDITIONS = DEBUG;
				SWIFT_OPTIMIZATION_LEVEL = "-Onone";
			};
			name = Debug;
		};
		C04730AB2676470B00BC496A /* Release */ = {
			isa = XCBuildConfiguration;
			buildSettings = {
				ALWAYS_SEARCH_USER_PATHS = NO;
				CLANG_ANALYZER_NONNULL = YES;
				CLANG_ANALYZER_NUMBER_OBJECT_CONVERSION = YES_AGGRESSIVE;
				CLANG_CXX_LANGUAGE_STANDARD = "gnu++14";
				CLANG_CXX_LIBRARY = "libc++";
				CLANG_ENABLE_MODULES = YES;
				CLANG_ENABLE_OBJC_ARC = YES;
				CLANG_ENABLE_OBJC_WEAK = YES;
				CLANG_WARN_BLOCK_CAPTURE_AUTORELEASING = YES;
				CLANG_WARN_BOOL_CONVERSION = YES;
				CLANG_WARN_COMMA = YES;
				CLANG_WARN_CONSTANT_CONVERSION = YES;
				CLANG_WARN_DEPRECATED_OBJC_IMPLEMENTATIONS = YES;
				CLANG_WARN_DIRECT_OBJC_ISA_USAGE = YES_ERROR;
				CLANG_WARN_DOCUMENTATION_COMMENTS = YES;
				CLANG_WARN_EMPTY_BODY = YES;
				CLANG_WARN_ENUM_CONVERSION = YES;
				CLANG_WARN_INFINITE_RECURSION = YES;
				CLANG_WARN_INT_CONVERSION = YES;
				CLANG_WARN_NON_LITERAL_NULL_CONVERSION = YES;
				CLANG_WARN_OBJC_IMPLICIT_RETAIN_SELF = YES;
				CLANG_WARN_OBJC_LITERAL_CONVERSION = YES;
				CLANG_WARN_OBJC_ROOT_CLASS = YES_ERROR;
				CLANG_WARN_RANGE_LOOP_ANALYSIS = YES;
				CLANG_WARN_STRICT_PROTOTYPES = YES;
				CLANG_WARN_SUSPICIOUS_MOVE = YES;
				CLANG_WARN_UNGUARDED_AVAILABILITY = YES_AGGRESSIVE;
				CLANG_WARN_UNREACHABLE_CODE = YES;
				CLANG_WARN__DUPLICATE_METHOD_MATCH = YES;
				COPY_PHASE_STRIP = NO;
				DEBUG_INFORMATION_FORMAT = "dwarf-with-dsym";
				ENABLE_NS_ASSERTIONS = NO;
				ENABLE_STRICT_OBJC_MSGSEND = YES;
				GCC_C_LANGUAGE_STANDARD = gnu11;
				GCC_NO_COMMON_BLOCKS = YES;
				GCC_WARN_64_TO_32_BIT_CONVERSION = YES;
				GCC_WARN_ABOUT_RETURN_TYPE = YES_ERROR;
				GCC_WARN_UNDECLARED_SELECTOR = YES;
				GCC_WARN_UNINITIALIZED_AUTOS = YES_AGGRESSIVE;
				GCC_WARN_UNUSED_FUNCTION = YES;
				GCC_WARN_UNUSED_VARIABLE = YES;
				IPHONEOS_DEPLOYMENT_TARGET = 13.2;
				MTL_ENABLE_DEBUG_INFO = NO;
				MTL_FAST_MATH = YES;
				SDKROOT = iphoneos;
				SWIFT_COMPILATION_MODE = wholemodule;
				SWIFT_OPTIMIZATION_LEVEL = "-O";
				VALIDATE_PRODUCT = YES;
			};
			name = Release;
		};
		C04730AD2676470B00BC496A /* Debug */ = {
			isa = XCBuildConfiguration;
			buildSettings = {
				ASSETCATALOG_COMPILER_APPICON_NAME = AppIcon;
				CODE_SIGN_STYLE = Automatic;
				DEVELOPMENT_TEAM = 6JL95RH9A2;
				INFOPLIST_FILE = "Schoolin'/Info.plist";
				LD_RUNPATH_SEARCH_PATHS = (
					"$(inherited)",
					"@executable_path/Frameworks",
				);
				PRODUCT_BUNDLE_IDENTIFIER = "Apple.Schoolin-";
				PRODUCT_NAME = "$(TARGET_NAME)";
				SWIFT_VERSION = 5.0;
				TARGETED_DEVICE_FAMILY = "1,2";
			};
			name = Debug;
		};
		C04730AE2676470B00BC496A /* Release */ = {
			isa = XCBuildConfiguration;
			buildSettings = {
				ASSETCATALOG_COMPILER_APPICON_NAME = AppIcon;
				CODE_SIGN_STYLE = Automatic;
				DEVELOPMENT_TEAM = 6JL95RH9A2;
				INFOPLIST_FILE = "Schoolin'/Info.plist";
				LD_RUNPATH_SEARCH_PATHS = (
					"$(inherited)",
					"@executable_path/Frameworks",
				);
				PRODUCT_BUNDLE_IDENTIFIER = "Apple.Schoolin-";
				PRODUCT_NAME = "$(TARGET_NAME)";
				SWIFT_VERSION = 5.0;
				TARGETED_DEVICE_FAMILY = "1,2";
			};
			name = Release;
		};
/* End XCBuildConfiguration section */

/* Begin XCConfigurationList section */
		C04730932676470700BC496A /* Build configuration list for PBXProject "Schoolin'" */ = {
			isa = XCConfigurationList;
			buildConfigurations = (
				C04730AA2676470B00BC496A /* Debug */,
				C04730AB2676470B00BC496A /* Release */,
			);
			defaultConfigurationIsVisible = 0;
			defaultConfigurationName = Release;
		};
		C04730AC2676470B00BC496A /* Build configuration list for PBXNativeTarget "Schoolin'" */ = {
			isa = XCConfigurationList;
			buildConfigurations = (
				C04730AD2676470B00BC496A /* Debug */,
				C04730AE2676470B00BC496A /* Release */,
			);
			defaultConfigurationIsVisible = 0;
			defaultConfigurationName = Release;
		};
/* End XCConfigurationList section */
	};
	rootObject = C04730902676470700BC496A /* Project object */;
}
